
Microsoft Visual Studio Solution File, Format Version 12.00
# Visual Studio Version 17
VisualStudioVersion = 17.3.32929.385
MinimumVisualStudioVersion = 10.0.40219.1
Project("{8BC9CEB8-8B4A-11D0-8D11-00A0C91BC942}") = "ConsoleApplication4", "ConsoleApplication4\ConsoleApplication4.vcxproj", "{D7267015-EDB3-46E0-B86E-2C27C113BEDD}"
EndProject
Global
	GlobalSection(SolutionConfigurationPlatforms) = preSolution
		Debug|x64 = Debug|x64
		Debug|x86 = Debug|x86
		Release|x64 = Release|x64
		Release|x86 = Release|x86
	EndGlobalSection
	GlobalSection(ProjectConfigurationPlatforms) = postSolution
		{D7267015-EDB3-46E0-B86E-2C27C113BEDD}.Debug|x64.ActiveCfg = Debug|x64
		{D7267015-EDB3-46E0-B86E-2C27C113BEDD}.Debug|x64.Build.0 = Debug|x64
		{D7267015-EDB3-46E0-B86E-2C27C113BEDD}.Debug|x86.ActiveCfg = Debug|Win32
		{D7267015-EDB3-46E0-B86E-2C27C113BEDD}.Debug|x86.Build.0 = Debug|Win32
		{D7267015-EDB3-46E0-B86E-2C27C113BEDD}.Release|x64.ActiveCfg = Release|x64
		{D7267015-EDB3-46E0-B86E-2C27C113BEDD}.Release|x64.Build.0 = Release|x64
		{D7267015-EDB3-46E0-B86E-2C27C113BEDD}.Release|x86.ActiveCfg = Release|Win32
		{D7267015-EDB3-46E0-B86E-2C27C113BEDD}.Release|x86.Build.0 = Release|Win32
	EndGlobalSection
	GlobalSection(SolutionProperties) = preSolution
		HideSolutionNode = FALSE
	EndGlobalSection
	GlobalSection(ExtensibilityGlobals) = postSolution
		SolutionGuid = {10FD18B2-69CF-422A-AE6C-7931D550B619}
	EndGlobalSection
EndGlobal
